# THIS IS AN AUTOGENERATED FILE. DO NOT EDIT THIS FILE DIRECTLY.
# yarn lockfile v1


abbrev@1:
  version "1.1.1"
  resolved "https://registry.yarnpkg.com/abbrev/-/abbrev-1.1.1.tgz#f8f2c887ad10bf67f634f005b6987fed3179aac8"

ansi-regex@^0.2.0, ansi-regex@^0.2.1:
  version "0.2.1"
  resolved "https://registry.yarnpkg.com/ansi-regex/-/ansi-regex-0.2.1.tgz#0d8e946967a3d8143f93e24e298525fc1b2235f9"

ansi-styles@^1.1.0:
  version "1.1.0"
  resolved "https://registry.yarnpkg.com/ansi-styles/-/ansi-styles-1.1.0.tgz#eaecbf66cd706882760b2f4691582b8f55d7a7de"

asap@^2.0.0:
  version "2.0.6"
  resolved "https://registry.yarnpkg.com/asap/-/asap-2.0.6.tgz#e50347611d7e690943208bbdafebcbc2fb866d46"

balanced-match@^1.0.0:
  version "1.0.0"
  resolved "https://registry.yarnpkg.com/balanced-match/-/balanced-match-1.0.0.tgz#89b4d199ab2bee49de164ea02b89ce462d71b767"

brace-expansion@^1.1.7:
  version "1.1.8"
  resolved "https://registry.yarnpkg.com/brace-expansion/-/brace-expansion-1.1.8.tgz#c07b211c7c952ec1f8efd51a77ef0d1d3990a292"
  dependencies:
    balanced-match "^1.0.0"
    concat-map "0.0.1"

builtin-modules@^1.0.0:
  version "1.1.1"
  resolved "https://registry.yarnpkg.com/builtin-modules/-/builtin-modules-1.1.1.tgz#270f076c5a72c02f5b65a47df94c5fe3a278892f"

chalk@~0.5.1:
  version "0.5.1"
  resolved "https://registry.yarnpkg.com/chalk/-/chalk-0.5.1.tgz#663b3a648b68b55d04690d49167aa837858f2174"
  dependencies:
    ansi-styles "^1.1.0"
    escape-string-regexp "^1.0.0"
    has-ansi "^0.1.0"
    strip-ansi "^0.3.0"
    supports-color "^0.2.0"

concat-map@0.0.1:
  version "0.0.1"
  resolved "https://registry.yarnpkg.com/concat-map/-/concat-map-0.0.1.tgz#d8a96bd77fd68df7793a73036a3ba0d5405d477b"

debug@^2.2.0:
  version "2.6.9"
  resolved "https://registry.yarnpkg.com/debug/-/debug-2.6.9.tgz#5d128515df134ff327e90a4c93f4e077a536341f"
  dependencies:
    ms "2.0.0"

debuglog@^1.0.1:
  version "1.0.1"
  resolved "https://registry.yarnpkg.com/debuglog/-/debuglog-1.0.1.tgz#aa24ffb9ac3df9a2351837cfb2d279360cd78492"

dezalgo@^1.0.0:
  version "1.0.3"
  resolved "https://registry.yarnpkg.com/dezalgo/-/dezalgo-1.0.3.tgz#7f742de066fc748bc8db820569dddce49bf0d456"
  dependencies:
    asap "^2.0.0"
    wrappy "1"

escape-string-regexp@^1.0.0:
  version "1.0.5"
  resolved "https://registry.yarnpkg.com/escape-string-regexp/-/escape-string-regexp-1.0.5.tgz#1b61c0562190a8dff6ae3bb2cf0200ca130b86d4"

fs.realpath@^1.0.0:
  version "1.0.0"
  resolved "https://registry.yarnpkg.com/fs.realpath/-/fs.realpath-1.0.0.tgz#1504ad2523158caa40db4a2787cb01411994ea4f"

glob@^7.1.1:
  version "7.1.2"
  resolved "https://registry.yarnpkg.com/glob/-/glob-7.1.2.tgz#c19c9df9a028702d678612384a6552404c636d15"
  dependencies:
    fs.realpath "^1.0.0"
    inflight "^1.0.4"
    inherits "2"
    minimatch "^3.0.4"
    once "^1.3.0"
    path-is-absolute "^1.0.0"

graceful-fs@^4.1.2:
  version "4.1.11"
  resolved "https://registry.yarnpkg.com/graceful-fs/-/graceful-fs-4.1.11.tgz#0e8bdfe4d1ddb8854d64e04ea7c00e2a026e5658"

has-ansi@^0.1.0:
  version "0.1.0"
  resolved "https://registry.yarnpkg.com/has-ansi/-/has-ansi-0.1.0.tgz#84f265aae8c0e6a88a12d7022894b7568894c62e"
  dependencies:
    ansi-regex "^0.2.0"

hosted-git-info@^2.1.4:
  version "2.5.0"
  resolved "https://registry.yarnpkg.com/hosted-git-info/-/hosted-git-info-2.5.0.tgz#6d60e34b3abbc8313062c3b798ef8d901a07af3c"

inflight@^1.0.4:
  version "1.0.6"
  resolved "https://registry.yarnpkg.com/inflight/-/inflight-1.0.6.tgz#49bd6331d7d02d0c09bc910a1075ba8165b56df9"
  dependencies:
    once "^1.3.0"
    wrappy "1"

inherits@2:
  version "2.0.3"
  resolved "https://registry.yarnpkg.com/inherits/-/inherits-2.0.3.tgz#633c2c83e3da42a502f52466022480f4208261de"

is-builtin-module@^1.0.0:
  version "1.0.0"
  resolved "https://registry.yarnpkg.com/is-builtin-module/-/is-builtin-module-1.0.0.tgz#540572d34f7ac3119f8f76c30cbc1b1e037affbe"
  dependencies:
    builtin-modules "^1.0.0"

json-parse-better-errors@^1.0.0:
  version "1.0.1"
  resolved "https://registry.yarnpkg.com/json-parse-better-errors/-/json-parse-better-errors-1.0.1.tgz#50183cd1b2d25275de069e9e71b467ac9eab973a"

license-checker@^9.0.3:
  version "9.0.3"
  resolved "https://registry.yarnpkg.com/license-checker/-/license-checker-9.0.3.tgz#bc9136911fef129d255a2255583765ff569fa316"
  dependencies:
    chalk "~0.5.1"
    debug "^2.2.0"
    mkdirp "^0.3.5"
    nopt "^2.2.0"
    read-installed "~4.0.3"
    semver "^5.3.0"
    treeify "^1.0.1"

minimatch@^3.0.4:
  version "3.0.4"
  resolved "https://registry.yarnpkg.com/minimatch/-/minimatch-3.0.4.tgz#5166e286457f03306064be5497e8dbb0c3d32083"
  dependencies:
    brace-expansion "^1.1.7"

mkdirp@^0.3.5:
  version "0.3.5"
  resolved "https://registry.yarnpkg.com/mkdirp/-/mkdirp-0.3.5.tgz#de3e5f8961c88c787ee1368df849ac4413eca8d7"

ms@2.0.0:
  version "2.0.0"
  resolved "https://registry.yarnpkg.com/ms/-/ms-2.0.0.tgz#5608aeadfc00be6c2901df5f9861788de0d597c8"

nopt@^2.2.0:
  version "2.2.1"
  resolved "https://registry.yarnpkg.com/nopt/-/nopt-2.2.1.tgz#2aa09b7d1768487b3b89a9c5aa52335bff0baea7"
  dependencies:
    abbrev "1"

normalize-package-data@^2.0.0:
  version "2.4.0"
  resolved "https://registry.yarnpkg.com/normalize-package-data/-/normalize-package-data-2.4.0.tgz#12f95a307d58352075a04907b84ac8be98ac012f"
  dependencies:
    hosted-git-info "^2.1.4"
    is-builtin-module "^1.0.0"
    semver "2 || 3 || 4 || 5"
    validate-npm-package-license "^3.0.1"

once@^1.3.0:
  version "1.4.0"
  resolved "https://registry.yarnpkg.com/once/-/once-1.4.0.tgz#583b1aa775961d4b113ac17d9c50baef9dd76bd1"
  dependencies:
    wrappy "1"

path-is-absolute@^1.0.0:
  version "1.0.1"
  resolved "https://registry.yarnpkg.com/path-is-absolute/-/path-is-absolute-1.0.1.tgz#174b9268735534ffbc7ace6bf53a5a9e1b5c5f5f"

read-installed@~4.0.3:
  version "4.0.3"
  resolved "https://registry.yarnpkg.com/read-installed/-/read-installed-4.0.3.tgz#ff9b8b67f187d1e4c29b9feb31f6b223acd19067"
  dependencies:
    debuglog "^1.0.1"
    read-package-json "^2.0.0"
    readdir-scoped-modules "^1.0.0"
    semver "2 || 3 || 4 || 5"
    slide "~1.1.3"
    util-extend "^1.0.1"
  optionalDependencies:
    graceful-fs "^4.1.2"

read-package-json@^2.0.0:
  version "2.0.12"
  resolved "https://registry.yarnpkg.com/read-package-json/-/read-package-json-2.0.12.tgz#68ea45f98b3741cb6e10ae3bbd42a605026a6951"
  dependencies:
    glob "^7.1.1"
    json-parse-better-errors "^1.0.0"
    normalize-package-data "^2.0.0"
    slash "^1.0.0"
  optionalDependencies:
    graceful-fs "^4.1.2"

readdir-scoped-modules@^1.0.0:
  version "1.0.2"
  resolved "https://registry.yarnpkg.com/readdir-scoped-modules/-/readdir-scoped-modules-1.0.2.tgz#9fafa37d286be5d92cbaebdee030dc9b5f406747"
  dependencies:
    debuglog "^1.0.1"
    dezalgo "^1.0.0"
    graceful-fs "^4.1.2"
    once "^1.3.0"

"semver@2 || 3 || 4 || 5", semver@^5.3.0:
  version "5.4.1"
  resolved "https://registry.yarnpkg.com/semver/-/semver-5.4.1.tgz#e059c09d8571f0540823733433505d3a2f00b18e"

slash@^1.0.0:
  version "1.0.0"
  resolved "https://registry.yarnpkg.com/slash/-/slash-1.0.0.tgz#c41f2f6c39fc16d1cd17ad4b5d896114ae470d55"

slide@~1.1.3:
  version "1.1.6"
  resolved "https://registry.yarnpkg.com/slide/-/slide-1.1.6.tgz#56eb027d65b4d2dce6cb2e2d32c4d4afc9e1d707"

spdx-correct@~1.0.0:
  version "1.0.2"
  resolved "https://registry.yarnpkg.com/spdx-correct/-/spdx-correct-1.0.2.tgz#4b3073d933ff51f3912f03ac5519498a4150db40"
  dependencies:
    spdx-license-ids "^1.0.2"

spdx-expression-parse@~1.0.0:
  version "1.0.4"
  resolved "https://registry.yarnpkg.com/spdx-expression-parse/-/spdx-expression-parse-1.0.4.tgz#9bdf2f20e1f40ed447fbe273266191fced51626c"

spdx-license-ids@^1.0.2:
  version "1.2.2"
  resolved "https://registry.yarnpkg.com/spdx-license-ids/-/spdx-license-ids-1.2.2.tgz#c9df7a3424594ade6bd11900d596696dc06bac57"

strip-ansi@^0.3.0:
  version "0.3.0"
  resolved "https://registry.yarnpkg.com/strip-ansi/-/strip-ansi-0.3.0.tgz#25f48ea22ca79187f3174a4db8759347bb126220"
  dependencies:
    ansi-regex "^0.2.1"

supports-color@^0.2.0:
  version "0.2.0"
  resolved "https://registry.yarnpkg.com/supports-color/-/supports-color-0.2.0.tgz#d92de2694eb3f67323973d7ae3d8b55b4c22190a"

treeify@^1.0.1:
  version "1.0.1"
  resolved "https://registry.yarnpkg.com/treeify/-/treeify-1.0.1.tgz#69b3cd022022a168424e7cfa1ced44c939d3eb2f"

util-extend@^1.0.1:
  version "1.0.3"
  resolved "https://registry.yarnpkg.com/util-extend/-/util-extend-1.0.3.tgz#a7c216d267545169637b3b6edc6ca9119e2ff93f"

validate-npm-package-license@^3.0.1:
  version "3.0.1"
  resolved "https://registry.yarnpkg.com/validate-npm-package-license/-/validate-npm-package-license-3.0.1.tgz#2804babe712ad3379459acfbe24746ab2c303fbc"
  dependencies:
    spdx-correct "~1.0.0"
    spdx-expression-parse "~1.0.0"

wrappy@1:
  version "1.0.2"
  resolved "https://registry.yarnpkg.com/wrappy/-/wrappy-1.0.2.tgz#b5243d8f3ec1aa35f1364605bc0d1036e30ab69f"
