# THIS IS AN AUTOGENERATED FILE. DO NOT EDIT THIS FILE DIRECTLY.
# yarn lockfile v1


properties-parser@^0.3.1:
  version "0.3.1"
  resolved "https://registry.yarnpkg.com/properties-parser/-/properties-parser-0.3.1.tgz#1316e9539ffbfd93845e369b211022abd478771a"
  dependencies:
    string.prototype.codepointat "^0.2.0"

string.prototype.codepointat@^0.2.0:
  version "0.2.0"
  resolved "https://registry.yarnpkg.com/string.prototype.codepointat/-/string.prototype.codepointat-0.2.0.tgz#6b26e9bd3afcaa7be3b4269b526de1b82000ac78"
