# THIS IS AN AUTOGENERATED FILE. DO NOT EDIT THIS FILE DIRECTLY.
# yarn lockfile v1


chrome-remote-interface@0.17.0:
  version "0.17.0"
  resolved "https://registry.yarnpkg.com/chrome-remote-interface/-/chrome-remote-interface-0.17.0.tgz#79b8f0da97b6c37c7b4e9c6370c33f332998bb37"
  dependencies:
    commander "2.1.x"
    ws "1.1.x"

commander@2.1.x:
  version "2.1.0"
  resolved "https://registry.yarnpkg.com/commander/-/commander-2.1.0.tgz#d121bbae860d9992a3d517ba96f56588e47c6781"

devtools-config@^0.0.11:
  version "0.0.11"
  resolved "https://registry.yarnpkg.com/devtools-config/-/devtools-config-0.0.11.tgz#f82a052e1e205fdb4c2eea5085560da0e580a84b"

devtools-modules@^0.0.14:
  version "0.0.14"
  resolved "https://registry.yarnpkg.com/devtools-modules/-/devtools-modules-0.0.14.tgz#03edc685a8d03d39cff065d7e3acb12e9d381492"

devtools-network-request@^0.0.9:
  version "0.0.9"
  resolved "https://registry.yarnpkg.com/devtools-network-request/-/devtools-network-request-0.0.9.tgz#cdf51f4f21d7cb8cedba5b9d89e860ba531ddeb7"

devtools-sham-modules@^0.0.12:
  version "0.0.12"
  resolved "https://registry.yarnpkg.com/devtools-sham-modules/-/devtools-sham-modules-0.0.12.tgz#0fe0cb529e283e54207ef73bc2fed616cc501e8a"

flow-bin@^0.37.4:
  version "0.37.4"
  resolved "https://registry.yarnpkg.com/flow-bin/-/flow-bin-0.37.4.tgz#3d8da2ef746e80e730d166e09040f4198969b76b"

options@>=0.0.5:
  version "0.0.6"
  resolved "https://registry.yarnpkg.com/options/-/options-0.0.6.tgz#ec22d312806bb53e731773e7cdaefcf1c643128f"

tcomb@^3.1.0:
  version "3.2.15"
  resolved "https://registry.yarnpkg.com/tcomb/-/tcomb-3.2.15.tgz#09e40f447976d1d9c07ff465b8377342a8fe67e1"

ultron@1.0.x:
  version "1.0.2"
  resolved "https://registry.yarnpkg.com/ultron/-/ultron-1.0.2.tgz#ace116ab557cd197386a4e88f4685378c8b2e4fa"

ws@1.1.x:
  version "1.1.1"
  resolved "https://registry.yarnpkg.com/ws/-/ws-1.1.1.tgz#082ddb6c641e85d4bb451f03d52f06eabdb1f018"
  dependencies:
    options ">=0.0.5"
    ultron "1.0.x"
