# THIS IS AN AUTOGENERATED FILE. DO NOT EDIT THIS FILE DIRECTLY.
# yarn lockfile v1


chrome-remote-interface@0.17.0:
  version "0.17.0"
  resolved "https://registry.yarnpkg.com/chrome-remote-interface/-/chrome-remote-interface-0.17.0.tgz#79b8f0da97b6c37c7b4e9c6370c33f332998bb37"
  dependencies:
    commander "2.1.x"
    ws "1.1.x"

commander@2.1.x:
  version "2.1.0"
  resolved "https://registry.yarnpkg.com/commander/-/commander-2.1.0.tgz#d121bbae860d9992a3d517ba96f56588e47c6781"

devtools-config@^0.0.12:
  version "0.0.12"
  resolved "https://registry.yarnpkg.com/devtools-config/-/devtools-config-0.0.12.tgz#4094e62efec23cdc31bd0e6d89e15f7c51d6a7e6"

devtools-modules@^0.0.18:
  version "0.0.18"
  resolved "https://registry.yarnpkg.com/devtools-modules/-/devtools-modules-0.0.18.tgz#87f0dc697692f33cd4eb166b1469bfed67d53c29"

devtools-network-request@^0.0.14:
  version "0.0.14"
  resolved "https://registry.yarnpkg.com/devtools-network-request/-/devtools-network-request-0.0.14.tgz#427f13a20728ab7367ca885708e57f065742db57"

devtools-sham-modules@^0.0.17:
  version "0.0.17"
  resolved "https://registry.yarnpkg.com/devtools-sham-modules/-/devtools-sham-modules-0.0.17.tgz#26dd2741ac26a27b424e07690e16d7deaa5102fa"

options@>=0.0.5:
  version "0.0.6"
  resolved "https://registry.yarnpkg.com/options/-/options-0.0.6.tgz#ec22d312806bb53e731773e7cdaefcf1c643128f"

ultron@1.0.x:
  version "1.0.2"
  resolved "https://registry.yarnpkg.com/ultron/-/ultron-1.0.2.tgz#ace116ab557cd197386a4e88f4685378c8b2e4fa"

ws@1.1.x:
  version "1.1.4"
  resolved "https://registry.yarnpkg.com/ws/-/ws-1.1.4.tgz#57f40d036832e5f5055662a397c4de76ed66bf61"
  dependencies:
    options ">=0.0.5"
    ultron "1.0.x"
