# THIS IS AN AUTOGENERATED FILE. DO NOT EDIT THIS FILE DIRECTLY.
# yarn lockfile v1
chrome-remote-debugging-protocol@0.0.11:
  version "0.0.11"
  resolved "https://registry.yarnpkg.com/chrome-remote-debugging-protocol/-/chrome-remote-debugging-protocol-0.0.11.tgz#d16dc5617ead5fc76fa9d1f584863c359f3be32f"

devtools-config@^0.0.10:
  version "0.0.10"
  resolved "https://registry.yarnpkg.com/devtools-config/-/devtools-config-0.0.10.tgz#955a5ec1790e9e06a40009fdb1eaf5f979d168dd"

devtools-modules@^0.0.9:
  version "0.0.9"
  resolved "https://registry.yarnpkg.com/devtools-modules/-/devtools-modules-0.0.9.tgz#cfd75ebcf35b6e673d6eb3223deb1738fe8ff0d7"

devtools-sham-modules@^0.0.9:
  version "0.0.9"
  resolved "https://registry.yarnpkg.com/devtools-sham-modules/-/devtools-sham-modules-0.0.9.tgz#f02f6f9d715e57ac36aa1f8495e5003b9fbfe994"

